
Microsoft Visual Studio Solution File, Format Version 12.00
# Visual Studio 15
VisualStudioVersion = 15.0.28307.168
MinimumVisualStudioVersion = 10.0.40219.1
Project("{9A19103F-16F7-4668-BE54-9A1E7A4F7556}") = "dayXX", "dayXX\dayXX.csproj", "{EE51D4A4-006D-4DC6-9645-20971C8F5C94}"
EndProject
Project("{9A19103F-16F7-4668-BE54-9A1E7A4F7556}") = "day01", "day01\day01.csproj", "{629C8332-EE10-4CBE-A9D1-D24D56E21B5F}"
EndProject
Project("{9A19103F-16F7-4668-BE54-9A1E7A4F7556}") = "day02", "day02\day02.csproj", "{01AB2E3B-58CD-4731-92A0-567F70A2D8C2}"
EndProject
Project("{9A19103F-16F7-4668-BE54-9A1E7A4F7556}") = "day03", "day03\day03.csproj", "{F8618C5C-D6F6-49EE-AA77-7A6ACEEBE3F0}"
EndProject
Project("{9A19103F-16F7-4668-BE54-9A1E7A4F7556}") = "day20", "day20\day20.csproj", "{83252767-6C0A-4717-A12D-E3C1C5A5CFB3}"
EndProject
Project("{9A19103F-16F7-4668-BE54-9A1E7A4F7556}") = "day21", "day21\day21.csproj", "{0C0E4995-0566-4702-8D26-ABB315724131}"
EndProject
Project("{9A19103F-16F7-4668-BE54-9A1E7A4F7556}") = "day22", "day22\day22.csproj", "{10248238-AAE3-44E7-9A74-195ECE00CCB3}"
EndProject
Project("{9A19103F-16F7-4668-BE54-9A1E7A4F7556}") = "day23", "day23\day23.csproj", "{D2E0DE86-2737-4706-A9BC-14945CB0DE3E}"
EndProject
Project("{9A19103F-16F7-4668-BE54-9A1E7A4F7556}") = "day11", "day11\day11.csproj", "{B24739F9-BEA9-49C1-85D8-E79FF9B1D873}"
EndProject
Project("{9A19103F-16F7-4668-BE54-9A1E7A4F7556}") = "day04", "day04\day04.csproj", "{A43FE8B8-CF68-4911-87ED-3CD37F20635E}"
EndProject
Project("{9A19103F-16F7-4668-BE54-9A1E7A4F7556}") = "day12", "day12\day12.csproj", "{D733985C-F9AD-4D79-B6F8-26A0F8BFC5FA}"
EndProject
Project("{9A19103F-16F7-4668-BE54-9A1E7A4F7556}") = "day13", "day13\day13.csproj", "{C7140CDB-853C-4DBE-B1C3-A69799661652}"
EndProject
Project("{9A19103F-16F7-4668-BE54-9A1E7A4F7556}") = "day14", "day14\day14.csproj", "{26F55B2B-518E-48F0-B229-CE8A4C7683BA}"
EndProject
Project("{9A19103F-16F7-4668-BE54-9A1E7A4F7556}") = "day15", "day15\day15.csproj", "{4AD09092-6140-4F2B-8BFD-DA58BD8A60D8}"
EndProject
Project("{9A19103F-16F7-4668-BE54-9A1E7A4F7556}") = "day16", "day16\day16.csproj", "{0A6D778B-AE47-49E8-80D0-54C9B87DE92F}"
EndProject
Project("{9A19103F-16F7-4668-BE54-9A1E7A4F7556}") = "day17", "day17\day17.csproj", "{D80636B1-E8BD-4601-A321-E988D1BF47D1}"
EndProject
Project("{9A19103F-16F7-4668-BE54-9A1E7A4F7556}") = "day18", "day18\day18.csproj", "{82C7C03C-FB1F-4E96-9763-B347CF1CCCDB}"
EndProject
Project("{9A19103F-16F7-4668-BE54-9A1E7A4F7556}") = "day19", "day19\day19.csproj", "{BB357A80-79CD-4441-9892-B75B8B037B88}"
EndProject
Project("{9A19103F-16F7-4668-BE54-9A1E7A4F7556}") = "day24", "day24\day24.csproj", "{E6940B5B-4DFF-4669-AD29-4D7B0BB09761}"
EndProject
Project("{9A19103F-16F7-4668-BE54-9A1E7A4F7556}") = "day25", "day25\day25.csproj", "{82776BCD-001E-4BC1-B485-B2F9117EB1BC}"
EndProject
Project("{9A19103F-16F7-4668-BE54-9A1E7A4F7556}") = "day05", "day05\day05.csproj", "{EAC6F514-FB0B-42CE-B301-716252F01169}"
EndProject
Project("{FAE04EC0-301F-11D3-BF4B-00C04F79EFBC}") = "day06", "day06\day06.csproj", "{1088A586-91D8-483D-B705-EFE018F29D82}"
EndProject
Project("{FAE04EC0-301F-11D3-BF4B-00C04F79EFBC}") = "day07", "day07\day07.csproj", "{B387F648-A89F-43A9-A0D2-7DD19ACA5BFC}"
EndProject
Project("{FAE04EC0-301F-11D3-BF4B-00C04F79EFBC}") = "day08", "day08\day08.csproj", "{E6806C38-0B0B-459F-94EC-9816F3A8ECF0}"
EndProject
Project("{FAE04EC0-301F-11D3-BF4B-00C04F79EFBC}") = "day09", "day09\day09.csproj", "{DCB3DFCD-78F0-4BDA-B06A-1B5459A0F4EB}"
EndProject
Project("{FAE04EC0-301F-11D3-BF4B-00C04F79EFBC}") = "day10", "day10\day10.csproj", "{60BC1C9E-64FA-4393-B07B-667945468F5E}"
EndProject
Global
	GlobalSection(SolutionConfigurationPlatforms) = preSolution
		Debug|Any CPU = Debug|Any CPU
		Release|Any CPU = Release|Any CPU
	EndGlobalSection
	GlobalSection(ProjectConfigurationPlatforms) = postSolution
		{EE51D4A4-006D-4DC6-9645-20971C8F5C94}.Debug|Any CPU.ActiveCfg = Debug|Any CPU
		{EE51D4A4-006D-4DC6-9645-20971C8F5C94}.Debug|Any CPU.Build.0 = Debug|Any CPU
		{EE51D4A4-006D-4DC6-9645-20971C8F5C94}.Release|Any CPU.ActiveCfg = Release|Any CPU
		{EE51D4A4-006D-4DC6-9645-20971C8F5C94}.Release|Any CPU.Build.0 = Release|Any CPU
		{629C8332-EE10-4CBE-A9D1-D24D56E21B5F}.Debug|Any CPU.ActiveCfg = Debug|Any CPU
		{629C8332-EE10-4CBE-A9D1-D24D56E21B5F}.Debug|Any CPU.Build.0 = Debug|Any CPU
		{629C8332-EE10-4CBE-A9D1-D24D56E21B5F}.Release|Any CPU.ActiveCfg = Release|Any CPU
		{629C8332-EE10-4CBE-A9D1-D24D56E21B5F}.Release|Any CPU.Build.0 = Release|Any CPU
		{01AB2E3B-58CD-4731-92A0-567F70A2D8C2}.Debug|Any CPU.ActiveCfg = Debug|Any CPU
		{01AB2E3B-58CD-4731-92A0-567F70A2D8C2}.Debug|Any CPU.Build.0 = Debug|Any CPU
		{01AB2E3B-58CD-4731-92A0-567F70A2D8C2}.Release|Any CPU.ActiveCfg = Release|Any CPU
		{01AB2E3B-58CD-4731-92A0-567F70A2D8C2}.Release|Any CPU.Build.0 = Release|Any CPU
		{F8618C5C-D6F6-49EE-AA77-7A6ACEEBE3F0}.Debug|Any CPU.ActiveCfg = Debug|Any CPU
		{F8618C5C-D6F6-49EE-AA77-7A6ACEEBE3F0}.Debug|Any CPU.Build.0 = Debug|Any CPU
		{F8618C5C-D6F6-49EE-AA77-7A6ACEEBE3F0}.Release|Any CPU.ActiveCfg = Release|Any CPU
		{F8618C5C-D6F6-49EE-AA77-7A6ACEEBE3F0}.Release|Any CPU.Build.0 = Release|Any CPU
		{83252767-6C0A-4717-A12D-E3C1C5A5CFB3}.Debug|Any CPU.ActiveCfg = Debug|Any CPU
		{83252767-6C0A-4717-A12D-E3C1C5A5CFB3}.Debug|Any CPU.Build.0 = Debug|Any CPU
		{83252767-6C0A-4717-A12D-E3C1C5A5CFB3}.Release|Any CPU.ActiveCfg = Release|Any CPU
		{83252767-6C0A-4717-A12D-E3C1C5A5CFB3}.Release|Any CPU.Build.0 = Release|Any CPU
		{0C0E4995-0566-4702-8D26-ABB315724131}.Debug|Any CPU.ActiveCfg = Debug|Any CPU
		{0C0E4995-0566-4702-8D26-ABB315724131}.Debug|Any CPU.Build.0 = Debug|Any CPU
		{0C0E4995-0566-4702-8D26-ABB315724131}.Release|Any CPU.ActiveCfg = Release|Any CPU
		{0C0E4995-0566-4702-8D26-ABB315724131}.Release|Any CPU.Build.0 = Release|Any CPU
		{10248238-AAE3-44E7-9A74-195ECE00CCB3}.Debug|Any CPU.ActiveCfg = Debug|Any CPU
		{10248238-AAE3-44E7-9A74-195ECE00CCB3}.Debug|Any CPU.Build.0 = Debug|Any CPU
		{10248238-AAE3-44E7-9A74-195ECE00CCB3}.Release|Any CPU.ActiveCfg = Release|Any CPU
		{10248238-AAE3-44E7-9A74-195ECE00CCB3}.Release|Any CPU.Build.0 = Release|Any CPU
		{D2E0DE86-2737-4706-A9BC-14945CB0DE3E}.Debug|Any CPU.ActiveCfg = Debug|Any CPU
		{D2E0DE86-2737-4706-A9BC-14945CB0DE3E}.Debug|Any CPU.Build.0 = Debug|Any CPU
		{D2E0DE86-2737-4706-A9BC-14945CB0DE3E}.Release|Any CPU.ActiveCfg = Release|Any CPU
		{D2E0DE86-2737-4706-A9BC-14945CB0DE3E}.Release|Any CPU.Build.0 = Release|Any CPU
		{B24739F9-BEA9-49C1-85D8-E79FF9B1D873}.Debug|Any CPU.ActiveCfg = Debug|Any CPU
		{B24739F9-BEA9-49C1-85D8-E79FF9B1D873}.Debug|Any CPU.Build.0 = Debug|Any CPU
		{B24739F9-BEA9-49C1-85D8-E79FF9B1D873}.Release|Any CPU.ActiveCfg = Release|Any CPU
		{B24739F9-BEA9-49C1-85D8-E79FF9B1D873}.Release|Any CPU.Build.0 = Release|Any CPU
		{A43FE8B8-CF68-4911-87ED-3CD37F20635E}.Debug|Any CPU.ActiveCfg = Debug|Any CPU
		{A43FE8B8-CF68-4911-87ED-3CD37F20635E}.Debug|Any CPU.Build.0 = Debug|Any CPU
		{A43FE8B8-CF68-4911-87ED-3CD37F20635E}.Release|Any CPU.ActiveCfg = Release|Any CPU
		{A43FE8B8-CF68-4911-87ED-3CD37F20635E}.Release|Any CPU.Build.0 = Release|Any CPU
		{D733985C-F9AD-4D79-B6F8-26A0F8BFC5FA}.Debug|Any CPU.ActiveCfg = Debug|Any CPU
		{D733985C-F9AD-4D79-B6F8-26A0F8BFC5FA}.Debug|Any CPU.Build.0 = Debug|Any CPU
		{D733985C-F9AD-4D79-B6F8-26A0F8BFC5FA}.Release|Any CPU.ActiveCfg = Release|Any CPU
		{D733985C-F9AD-4D79-B6F8-26A0F8BFC5FA}.Release|Any CPU.Build.0 = Release|Any CPU
		{C7140CDB-853C-4DBE-B1C3-A69799661652}.Debug|Any CPU.ActiveCfg = Debug|Any CPU
		{C7140CDB-853C-4DBE-B1C3-A69799661652}.Debug|Any CPU.Build.0 = Debug|Any CPU
		{C7140CDB-853C-4DBE-B1C3-A69799661652}.Release|Any CPU.ActiveCfg = Release|Any CPU
		{C7140CDB-853C-4DBE-B1C3-A69799661652}.Release|Any CPU.Build.0 = Release|Any CPU
		{26F55B2B-518E-48F0-B229-CE8A4C7683BA}.Debug|Any CPU.ActiveCfg = Debug|Any CPU
		{26F55B2B-518E-48F0-B229-CE8A4C7683BA}.Debug|Any CPU.Build.0 = Debug|Any CPU
		{26F55B2B-518E-48F0-B229-CE8A4C7683BA}.Release|Any CPU.ActiveCfg = Release|Any CPU
		{26F55B2B-518E-48F0-B229-CE8A4C7683BA}.Release|Any CPU.Build.0 = Release|Any CPU
		{4AD09092-6140-4F2B-8BFD-DA58BD8A60D8}.Debug|Any CPU.ActiveCfg = Debug|Any CPU
		{4AD09092-6140-4F2B-8BFD-DA58BD8A60D8}.Debug|Any CPU.Build.0 = Debug|Any CPU
		{4AD09092-6140-4F2B-8BFD-DA58BD8A60D8}.Release|Any CPU.ActiveCfg = Release|Any CPU
		{4AD09092-6140-4F2B-8BFD-DA58BD8A60D8}.Release|Any CPU.Build.0 = Release|Any CPU
		{0A6D778B-AE47-49E8-80D0-54C9B87DE92F}.Debug|Any CPU.ActiveCfg = Debug|Any CPU
		{0A6D778B-AE47-49E8-80D0-54C9B87DE92F}.Debug|Any CPU.Build.0 = Debug|Any CPU
		{0A6D778B-AE47-49E8-80D0-54C9B87DE92F}.Release|Any CPU.ActiveCfg = Release|Any CPU
		{0A6D778B-AE47-49E8-80D0-54C9B87DE92F}.Release|Any CPU.Build.0 = Release|Any CPU
		{D80636B1-E8BD-4601-A321-E988D1BF47D1}.Debug|Any CPU.ActiveCfg = Debug|Any CPU
		{D80636B1-E8BD-4601-A321-E988D1BF47D1}.Debug|Any CPU.Build.0 = Debug|Any CPU
		{D80636B1-E8BD-4601-A321-E988D1BF47D1}.Release|Any CPU.ActiveCfg = Release|Any CPU
		{D80636B1-E8BD-4601-A321-E988D1BF47D1}.Release|Any CPU.Build.0 = Release|Any CPU
		{82C7C03C-FB1F-4E96-9763-B347CF1CCCDB}.Debug|Any CPU.ActiveCfg = Debug|Any CPU
		{82C7C03C-FB1F-4E96-9763-B347CF1CCCDB}.Debug|Any CPU.Build.0 = Debug|Any CPU
		{82C7C03C-FB1F-4E96-9763-B347CF1CCCDB}.Release|Any CPU.ActiveCfg = Release|Any CPU
		{82C7C03C-FB1F-4E96-9763-B347CF1CCCDB}.Release|Any CPU.Build.0 = Release|Any CPU
		{BB357A80-79CD-4441-9892-B75B8B037B88}.Debug|Any CPU.ActiveCfg = Debug|Any CPU
		{BB357A80-79CD-4441-9892-B75B8B037B88}.Debug|Any CPU.Build.0 = Debug|Any CPU
		{BB357A80-79CD-4441-9892-B75B8B037B88}.Release|Any CPU.ActiveCfg = Release|Any CPU
		{BB357A80-79CD-4441-9892-B75B8B037B88}.Release|Any CPU.Build.0 = Release|Any CPU
		{E6940B5B-4DFF-4669-AD29-4D7B0BB09761}.Debug|Any CPU.ActiveCfg = Debug|Any CPU
		{E6940B5B-4DFF-4669-AD29-4D7B0BB09761}.Debug|Any CPU.Build.0 = Debug|Any CPU
		{E6940B5B-4DFF-4669-AD29-4D7B0BB09761}.Release|Any CPU.ActiveCfg = Release|Any CPU
		{E6940B5B-4DFF-4669-AD29-4D7B0BB09761}.Release|Any CPU.Build.0 = Release|Any CPU
		{82776BCD-001E-4BC1-B485-B2F9117EB1BC}.Debug|Any CPU.ActiveCfg = Debug|Any CPU
		{82776BCD-001E-4BC1-B485-B2F9117EB1BC}.Debug|Any CPU.Build.0 = Debug|Any CPU
		{82776BCD-001E-4BC1-B485-B2F9117EB1BC}.Release|Any CPU.ActiveCfg = Release|Any CPU
		{82776BCD-001E-4BC1-B485-B2F9117EB1BC}.Release|Any CPU.Build.0 = Release|Any CPU
		{EAC6F514-FB0B-42CE-B301-716252F01169}.Debug|Any CPU.ActiveCfg = Debug|Any CPU
		{EAC6F514-FB0B-42CE-B301-716252F01169}.Debug|Any CPU.Build.0 = Debug|Any CPU
		{EAC6F514-FB0B-42CE-B301-716252F01169}.Release|Any CPU.ActiveCfg = Release|Any CPU
		{EAC6F514-FB0B-42CE-B301-716252F01169}.Release|Any CPU.Build.0 = Release|Any CPU
		{1088A586-91D8-483D-B705-EFE018F29D82}.Debug|Any CPU.ActiveCfg = Debug|Any CPU
		{1088A586-91D8-483D-B705-EFE018F29D82}.Debug|Any CPU.Build.0 = Debug|Any CPU
		{1088A586-91D8-483D-B705-EFE018F29D82}.Release|Any CPU.ActiveCfg = Release|Any CPU
		{1088A586-91D8-483D-B705-EFE018F29D82}.Release|Any CPU.Build.0 = Release|Any CPU
		{B387F648-A89F-43A9-A0D2-7DD19ACA5BFC}.Debug|Any CPU.ActiveCfg = Debug|Any CPU
		{B387F648-A89F-43A9-A0D2-7DD19ACA5BFC}.Debug|Any CPU.Build.0 = Debug|Any CPU
		{B387F648-A89F-43A9-A0D2-7DD19ACA5BFC}.Release|Any CPU.ActiveCfg = Release|Any CPU
		{B387F648-A89F-43A9-A0D2-7DD19ACA5BFC}.Release|Any CPU.Build.0 = Release|Any CPU
		{E6806C38-0B0B-459F-94EC-9816F3A8ECF0}.Debug|Any CPU.ActiveCfg = Debug|Any CPU
		{E6806C38-0B0B-459F-94EC-9816F3A8ECF0}.Debug|Any CPU.Build.0 = Debug|Any CPU
		{E6806C38-0B0B-459F-94EC-9816F3A8ECF0}.Release|Any CPU.ActiveCfg = Release|Any CPU
		{E6806C38-0B0B-459F-94EC-9816F3A8ECF0}.Release|Any CPU.Build.0 = Release|Any CPU
		{DCB3DFCD-78F0-4BDA-B06A-1B5459A0F4EB}.Debug|Any CPU.ActiveCfg = Debug|Any CPU
		{DCB3DFCD-78F0-4BDA-B06A-1B5459A0F4EB}.Debug|Any CPU.Build.0 = Debug|Any CPU
		{DCB3DFCD-78F0-4BDA-B06A-1B5459A0F4EB}.Release|Any CPU.ActiveCfg = Release|Any CPU
		{DCB3DFCD-78F0-4BDA-B06A-1B5459A0F4EB}.Release|Any CPU.Build.0 = Release|Any CPU
		{60BC1C9E-64FA-4393-B07B-667945468F5E}.Debug|Any CPU.ActiveCfg = Debug|Any CPU
		{60BC1C9E-64FA-4393-B07B-667945468F5E}.Debug|Any CPU.Build.0 = Debug|Any CPU
		{60BC1C9E-64FA-4393-B07B-667945468F5E}.Release|Any CPU.ActiveCfg = Release|Any CPU
		{60BC1C9E-64FA-4393-B07B-667945468F5E}.Release|Any CPU.Build.0 = Release|Any CPU
	EndGlobalSection
	GlobalSection(SolutionProperties) = preSolution
		HideSolutionNode = FALSE
	EndGlobalSection
	GlobalSection(ExtensibilityGlobals) = postSolution
		SolutionGuid = {A74AE547-D391-469F-81E7-BF107F21B52A}
	EndGlobalSection
EndGlobal
